
Microsoft Visual Studio Solution File, Format Version 12.00
# Visual Studio Version 17
VisualStudioVersion = 17.2.32526.322
MinimumVisualStudioVersion = 10.0.40219.1
Project("{FAE04EC0-301F-11D3-BF4B-00C04F79EFBC}") = "TestTelerik", "TestTelerik.csproj", "{29C93F1E-6B75-4BA7-9408-359106D269E5}"
EndProject
Global
	GlobalSection(SolutionConfigurationPlatforms) = preSolution
		Debug|Any CPU = Debug|Any CPU
		Release|Any CPU = Release|Any CPU
	EndGlobalSection
	GlobalSection(ProjectConfigurationPlatforms) = postSolution
		{29C93F1E-6B75-4BA7-9408-359106D269E5}.Debug|Any CPU.ActiveCfg = Debug|Any CPU
		{29C93F1E-6B75-4BA7-9408-359106D269E5}.Debug|Any CPU.Build.0 = Debug|Any CPU
		{29C93F1E-6B75-4BA7-9408-359106D269E5}.Release|Any CPU.ActiveCfg = Release|Any CPU
		{29C93F1E-6B75-4BA7-9408-359106D269E5}.Release|Any CPU.Build.0 = Release|Any CPU
	EndGlobalSection
	GlobalSection(SolutionProperties) = preSolution
		HideSolutionNode = FALSE
	EndGlobalSection
	GlobalSection(ExtensibilityGlobals) = postSolution
		SolutionGuid = {D95DA180-A6D2-46FB-8B70-FAD0BF1E136F}
	EndGlobalSection
EndGlobal
